
Microsoft Visual Studio Solution File, Format Version 12.00
# Visual Studio Version 17
VisualStudioVersion = 17.13.35931.197 d17.13
MinimumVisualStudioVersion = 10.0.40219.1
Project("{FAE04EC0-301F-11D3-BF4B-00C04F79EFBC}") = "ASTARION", "ASTARION\ASTARION.csproj", "{68F8BE13-8066-49D6-A7F6-CA48ECF9298E}"
EndProject
Global
	GlobalSection(SolutionConfigurationPlatforms) = preSolution
		Debug|Any CPU = Debug|Any CPU
		Release|Any CPU = Release|Any CPU
	EndGlobalSection
	GlobalSection(ProjectConfigurationPlatforms) = postSolution
		{68F8BE13-8066-49D6-A7F6-CA48ECF9298E}.Debug|Any CPU.ActiveCfg = Debug|Any CPU
		{68F8BE13-8066-49D6-A7F6-CA48ECF9298E}.Debug|Any CPU.Build.0 = Debug|Any CPU
		{68F8BE13-8066-49D6-A7F6-CA48ECF9298E}.Release|Any CPU.ActiveCfg = Release|Any CPU
		{68F8BE13-8066-49D6-A7F6-CA48ECF9298E}.Release|Any CPU.Build.0 = Release|Any CPU
	EndGlobalSection
	GlobalSection(SolutionProperties) = preSolution
		HideSolutionNode = FALSE
	EndGlobalSection
	GlobalSection(ExtensibilityGlobals) = postSolution
		SolutionGuid = {6680968B-E6AF-4775-87C5-1D40AE71DB11}
	EndGlobalSection
EndGlobal
